
Microsoft Visual Studio Solution File, Format Version 12.00
# Visual Studio Version 16
VisualStudioVersion = 16.0.32630.194
MinimumVisualStudioVersion = 10.0.40219.1
Project("{9A19103F-16F7-4668-BE54-9A1E7A4F7556}") = "myapp", "myapp.csproj", "{C609ADF9-767E-46BC-A3C4-2F0CECA88589}"
EndProject
Global
	GlobalSection(SolutionConfigurationPlatforms) = preSolution
		Debug|Any CPU = Debug|Any CPU
		Release|Any CPU = Release|Any CPU
	EndGlobalSection
	GlobalSection(ProjectConfigurationPlatforms) = postSolution
		{C609ADF9-767E-46BC-A3C4-2F0CECA88589}.Debug|Any CPU.ActiveCfg = Debug|Any CPU
		{C609ADF9-767E-46BC-A3C4-2F0CECA88589}.Debug|Any CPU.Build.0 = Debug|Any CPU
		{C609ADF9-767E-46BC-A3C4-2F0CECA88589}.Release|Any CPU.ActiveCfg = Release|Any CPU
		{C609ADF9-767E-46BC-A3C4-2F0CECA88589}.Release|Any CPU.Build.0 = Release|Any CPU
	EndGlobalSection
	GlobalSection(SolutionProperties) = preSolution
		HideSolutionNode = FALSE
	EndGlobalSection
	GlobalSection(ExtensibilityGlobals) = postSolution
		SolutionGuid = {FAEBBD2D-E37D-452B-B5F5-DF41E414D9A5}
	EndGlobalSection
EndGlobal
